
Microsoft Visual Studio Solution File, Format Version 12.00
# Visual Studio 15
Project("{FAE04EC0-301F-11D3-BF4B-00C04F79EFBC}") = "SimpleWebTransport", "SimpleWebTransport.csproj", "{15C7E499-568E-30E7-FF4F-B54FB3352E33}"
EndProject
Project("{FAE04EC0-301F-11D3-BF4B-00C04F79EFBC}") = "Mirror", "Mirror.csproj", "{5949DC73-FFDB-B8D9-04E0-3D80FE99F3FA}"
EndProject
Project("{FAE04EC0-301F-11D3-BF4B-00C04F79EFBC}") = "Mirror.Examples", "Mirror.Examples.csproj", "{3009DC50-279A-EBE1-A113-F1174143EFA9}"
EndProject
Project("{FAE04EC0-301F-11D3-BF4B-00C04F79EFBC}") = "Mirror.Components", "Mirror.Components.csproj", "{AC7A7A6E-D41B-81A0-49F4-BA286B8E5585}"
EndProject
Project("{FAE04EC0-301F-11D3-BF4B-00C04F79EFBC}") = "kcp2k", "kcp2k.csproj", "{B3CBA75E-087E-89E0-F235-D8F19D35EEBB}"
EndProject
Project("{FAE04EC0-301F-11D3-BF4B-00C04F79EFBC}") = "Telepathy", "Telepathy.csproj", "{7D6B8EB5-28FE-23DC-616F-19A5EBC0D6A1}"
EndProject
Project("{FAE04EC0-301F-11D3-BF4B-00C04F79EFBC}") = "where-allocations", "where-allocations.csproj", "{99D6BC2F-D1BF-AF7E-8858-CB65E977DAE3}"
EndProject
Project("{FAE04EC0-301F-11D3-BF4B-00C04F79EFBC}") = "Mirror.Authenticators", "Mirror.Authenticators.csproj", "{DCF0AECD-A1F3-A4C8-A08B-D86360C81F42}"
EndProject
Project("{FAE04EC0-301F-11D3-BF4B-00C04F79EFBC}") = "Assembly-CSharp", "Assembly-CSharp.csproj", "{C7395541-F2CD-1BF5-632B-D5FD0AD22B5B}"
EndProject
Project("{FAE04EC0-301F-11D3-BF4B-00C04F79EFBC}") = "Mirror.Editor", "Mirror.Editor.csproj", "{172B7011-C4A9-97F5-978D-069BAC587B37}"
EndProject
Project("{FAE04EC0-301F-11D3-BF4B-00C04F79EFBC}") = "Unity.Mirror.CodeGen", "Unity.Mirror.CodeGen.csproj", "{AE6C4E31-28EF-AD71-080E-F44C7E854BFF}"
EndProject
Project("{FAE04EC0-301F-11D3-BF4B-00C04F79EFBC}") = "Mirror.CompilerSymbols", "Mirror.CompilerSymbols.csproj", "{E509FEEE-6F53-D70F-AEFF-5DE1C44BB771}"
EndProject
Global
	GlobalSection(SolutionConfigurationPlatforms) = preSolution
		Debug|Any CPU = Debug|Any CPU
		Release|Any CPU = Release|Any CPU
	EndGlobalSection
	GlobalSection(ProjectConfigurationPlatforms) = postSolution
		{15C7E499-568E-30E7-FF4F-B54FB3352E33}.Debug|Any CPU.ActiveCfg = Debug|Any CPU
		{15C7E499-568E-30E7-FF4F-B54FB3352E33}.Debug|Any CPU.Build.0 = Debug|Any CPU
		{15C7E499-568E-30E7-FF4F-B54FB3352E33}.Release|Any CPU.ActiveCfg = Release|Any CPU
		{15C7E499-568E-30E7-FF4F-B54FB3352E33}.Release|Any CPU.Build.0 = Release|Any CPU
		{5949DC73-FFDB-B8D9-04E0-3D80FE99F3FA}.Debug|Any CPU.ActiveCfg = Debug|Any CPU
		{5949DC73-FFDB-B8D9-04E0-3D80FE99F3FA}.Debug|Any CPU.Build.0 = Debug|Any CPU
		{5949DC73-FFDB-B8D9-04E0-3D80FE99F3FA}.Release|Any CPU.ActiveCfg = Release|Any CPU
		{5949DC73-FFDB-B8D9-04E0-3D80FE99F3FA}.Release|Any CPU.Build.0 = Release|Any CPU
		{3009DC50-279A-EBE1-A113-F1174143EFA9}.Debug|Any CPU.ActiveCfg = Debug|Any CPU
		{3009DC50-279A-EBE1-A113-F1174143EFA9}.Debug|Any CPU.Build.0 = Debug|Any CPU
		{3009DC50-279A-EBE1-A113-F1174143EFA9}.Release|Any CPU.ActiveCfg = Release|Any CPU
		{3009DC50-279A-EBE1-A113-F1174143EFA9}.Release|Any CPU.Build.0 = Release|Any CPU
		{AC7A7A6E-D41B-81A0-49F4-BA286B8E5585}.Debug|Any CPU.ActiveCfg = Debug|Any CPU
		{AC7A7A6E-D41B-81A0-49F4-BA286B8E5585}.Debug|Any CPU.Build.0 = Debug|Any CPU
		{AC7A7A6E-D41B-81A0-49F4-BA286B8E5585}.Release|Any CPU.ActiveCfg = Release|Any CPU
		{AC7A7A6E-D41B-81A0-49F4-BA286B8E5585}.Release|Any CPU.Build.0 = Release|Any CPU
		{B3CBA75E-087E-89E0-F235-D8F19D35EEBB}.Debug|Any CPU.ActiveCfg = Debug|Any CPU
		{B3CBA75E-087E-89E0-F235-D8F19D35EEBB}.Debug|Any CPU.Build.0 = Debug|Any CPU
		{B3CBA75E-087E-89E0-F235-D8F19D35EEBB}.Release|Any CPU.ActiveCfg = Release|Any CPU
		{B3CBA75E-087E-89E0-F235-D8F19D35EEBB}.Release|Any CPU.Build.0 = Release|Any CPU
		{7D6B8EB5-28FE-23DC-616F-19A5EBC0D6A1}.Debug|Any CPU.ActiveCfg = Debug|Any CPU
		{7D6B8EB5-28FE-23DC-616F-19A5EBC0D6A1}.Debug|Any CPU.Build.0 = Debug|Any CPU
		{7D6B8EB5-28FE-23DC-616F-19A5EBC0D6A1}.Release|Any CPU.ActiveCfg = Release|Any CPU
		{7D6B8EB5-28FE-23DC-616F-19A5EBC0D6A1}.Release|Any CPU.Build.0 = Release|Any CPU
		{99D6BC2F-D1BF-AF7E-8858-CB65E977DAE3}.Debug|Any CPU.ActiveCfg = Debug|Any CPU
		{99D6BC2F-D1BF-AF7E-8858-CB65E977DAE3}.Debug|Any CPU.Build.0 = Debug|Any CPU
		{99D6BC2F-D1BF-AF7E-8858-CB65E977DAE3}.Release|Any CPU.ActiveCfg = Release|Any CPU
		{99D6BC2F-D1BF-AF7E-8858-CB65E977DAE3}.Release|Any CPU.Build.0 = Release|Any CPU
		{DCF0AECD-A1F3-A4C8-A08B-D86360C81F42}.Debug|Any CPU.ActiveCfg = Debug|Any CPU
		{DCF0AECD-A1F3-A4C8-A08B-D86360C81F42}.Debug|Any CPU.Build.0 = Debug|Any CPU
		{DCF0AECD-A1F3-A4C8-A08B-D86360C81F42}.Release|Any CPU.ActiveCfg = Release|Any CPU
		{DCF0AECD-A1F3-A4C8-A08B-D86360C81F42}.Release|Any CPU.Build.0 = Release|Any CPU
		{C7395541-F2CD-1BF5-632B-D5FD0AD22B5B}.Debug|Any CPU.ActiveCfg = Debug|Any CPU
		{C7395541-F2CD-1BF5-632B-D5FD0AD22B5B}.Debug|Any CPU.Build.0 = Debug|Any CPU
		{C7395541-F2CD-1BF5-632B-D5FD0AD22B5B}.Release|Any CPU.ActiveCfg = Release|Any CPU
		{C7395541-F2CD-1BF5-632B-D5FD0AD22B5B}.Release|Any CPU.Build.0 = Release|Any CPU
		{172B7011-C4A9-97F5-978D-069BAC587B37}.Debug|Any CPU.ActiveCfg = Debug|Any CPU
		{172B7011-C4A9-97F5-978D-069BAC587B37}.Debug|Any CPU.Build.0 = Debug|Any CPU
		{172B7011-C4A9-97F5-978D-069BAC587B37}.Release|Any CPU.ActiveCfg = Release|Any CPU
		{172B7011-C4A9-97F5-978D-069BAC587B37}.Release|Any CPU.Build.0 = Release|Any CPU
		{AE6C4E31-28EF-AD71-080E-F44C7E854BFF}.Debug|Any CPU.ActiveCfg = Debug|Any CPU
		{AE6C4E31-28EF-AD71-080E-F44C7E854BFF}.Debug|Any CPU.Build.0 = Debug|Any CPU
		{AE6C4E31-28EF-AD71-080E-F44C7E854BFF}.Release|Any CPU.ActiveCfg = Release|Any CPU
		{AE6C4E31-28EF-AD71-080E-F44C7E854BFF}.Release|Any CPU.Build.0 = Release|Any CPU
		{E509FEEE-6F53-D70F-AEFF-5DE1C44BB771}.Debug|Any CPU.ActiveCfg = Debug|Any CPU
		{E509FEEE-6F53-D70F-AEFF-5DE1C44BB771}.Debug|Any CPU.Build.0 = Debug|Any CPU
		{E509FEEE-6F53-D70F-AEFF-5DE1C44BB771}.Release|Any CPU.ActiveCfg = Release|Any CPU
		{E509FEEE-6F53-D70F-AEFF-5DE1C44BB771}.Release|Any CPU.Build.0 = Release|Any CPU
	EndGlobalSection
	GlobalSection(SolutionProperties) = preSolution
		HideSolutionNode = FALSE
	EndGlobalSection
EndGlobal
